{
  "version": 4,
  "terraform_version": "1.3.7",
  "serial": 112,
  "lineage": "4fb2d47f-684c-0636-d5cc-ca712ff4e2a9",
  "outputs": {
    "public_ip_address": {
      "value": "gzlinux01: ",
      "type": "string"
    }
  },
  "resources": [
    {
      "mode": "data",
      "type": "azurerm_public_ip",
      "name": "gz-ip-data",
      "provider": "provider[\"registry.terraform.io/hashicorp/azurerm\"]",
      "instances": [
        {
          "schema_version": 0,
          "attributes": {
            "allocation_method": "Dynamic",
            "domain_name_label": "",
            "fqdn": "",
            "id": "/subscriptions/9470ff04-09b3-43e2-bbbb-c2464e97d36e/resourceGroups/gzeru_rg/providers/Microsoft.Network/publicIPAddresses/gz-pip",
            "idle_timeout_in_minutes": 30,
            "ip_address": "",
            "ip_tags": {},
            "ip_version": "IPv4",
            "location": "westeurope",
            "name": "gz-pip",
            "resource_group_name": "gzeru_rg",
            "reverse_fqdn": "",
            "sku": "Basic",
            "tags": {
              "environment": "Dev"
            },
            "timeouts": null,
            "zones": []
          },
          "sensitive_attributes": []
        }
      ]
    },
    {
      "mode": "managed",
      "type": "azurerm_linux_virtual_machine",
      "name": "gz-linux-vm-1",
      "provider": "provider[\"registry.terraform.io/hashicorp/azurerm\"]",
      "instances": [
        {
          "schema_version": 0,
          "attributes": {
            "additional_capabilities": [],
            "admin_password": null,
            "admin_ssh_key": [
              {
                "public_key": "ssh-rsa AAAAB3NzaC1yc2EAAAADAQABAAABgQCWo7JYWRprL8Y/D4sin9GB+dDgfH4Wc+kCKdjncm1L/L65zdVb5mFdmijkmV/5SFSlY27VfMGK4fc41FWmlh39CSa9A0EctJGuM9bvyJ90u/qAgNKN+4KPDqcu+VqbSkq/Uxlo/zmHK47BhdWPe9i5D2j+eTDyGsL8TMvYvkKFdffLTYkElj4zINAbnNRz9qTnTSm3iHcGsUFySZH9PGBWE9AT3xe9JhFdXmqP/OC75U6XUl5CcR3t/o+fJAMj/t7mLMJtheg8jig7bFY0l10X/8k/fuBJJCjNCbfQ4iUPkbb5vcBi5InJ6FhEUXx+eZOnEmjVnyQEkJ54rPyvSAinVNBBN1CedN8NpfJ49Xo5ye7XSPyESUWZ9tGc0KfPj5wJaSZ3iY+DzC4/5V2xulz8ARO/cKn1AWM7fsjNAU1SWWkhSA8XcaibSYQf8EIRyEIZCD7Wf2QmfyTWmOahOSKlxShfUrs20sw/NDDHGfSDwfYzuqU7JMpMQdJq8BzGb68= administrator@Home02\r\n",
                "username": "adminuser"
              }
            ],
            "admin_username": "adminuser",
            "allow_extension_operations": true,
            "availability_set_id": "",
            "boot_diagnostics": [],
            "computer_name": "gzlinux01",
            "custom_data": "IyEvYmluL2Jhc2gNCnN1ZG8gYXB0LWdldCB1cGRhdGUgLXkgJiYNCnN1ZG8gYXB0LWdldCBpbnN0YWxsIC15IFwNCmFwdC10cmFuc3BvcnQtaHR0cHMgXA0KY2EtY2VydGlmaWNhdGVzIFwNCmN1cmwgXA0KZ251cGctYWdlbnQgXA0Kc29mdHdhcmUtcHJvcGVydGllcy1jb21tb24gJiYNCmN1cmwgLWZzU0wgaHR0cHM6Ly9kb3dubG9hZC5kb2NrZXIuY29tL2xpbnV4L3VidW50dS9ncGcgfCBzdWRvIGFwdC1rZXkgYWRkIC0gJiYNCnN1ZG8gYWRkLWFwdC1yZXBvc2l0b3J5ICJkZWIgW2FyY2g9YW1kNjRdIGh0dHBzOi8vZG93bmxvYWQuZG9ja2VyLmNvbS9saW51eC91YnVudHUgJChsc2JfcmVsZWFzZSAtY3MpIHN0YWJsZSIgJiYNCnN1ZG8gYXB0LWdldCB1cGRhdGUgLXkgJiYNCnN1ZG8gc3VkbyBhcHQtZ2V0IGluc3RhbGwgZG9ja2VyLWNlIGRvY2tlci1jZS1jbGkgY29udGFpbmVyZC5pbyAteSAmJg0Kc3VkbyB1c2VybW9kIC1hRyBkb2NrZXIgdWJ1bnR1",
            "dedicated_host_group_id": "",
            "dedicated_host_id": "",
            "disable_password_authentication": true,
            "edge_zone": "",
            "encryption_at_host_enabled": false,
            "eviction_policy": "",
            "extensions_time_budget": "PT1H30M",
            "id": "/subscriptions/9470ff04-09b3-43e2-bbbb-c2464e97d36e/resourceGroups/gzeru_rg/providers/Microsoft.Compute/virtualMachines/gzlinux01",
            "identity": [],
            "license_type": "",
            "location": "westeurope",
            "max_bid_price": -1,
            "name": "gzlinux01",
            "network_interface_ids": [
              "/subscriptions/9470ff04-09b3-43e2-bbbb-c2464e97d36e/resourceGroups/gzeru_rg/providers/Microsoft.Network/networkInterfaces/gz-nic"
            ],
            "os_disk": [
              {
                "caching": "ReadWrite",
                "diff_disk_settings": [],
                "disk_encryption_set_id": "",
                "disk_size_gb": 30,
                "name": "gzlinux01_OsDisk_1_e59b5df2a8884de28fa6f6c52f7a083f",
                "storage_account_type": "Standard_LRS",
                "write_accelerator_enabled": false
              }
            ],
            "patch_mode": "ImageDefault",
            "plan": [],
            "platform_fault_domain": -1,
            "priority": "Regular",
            "private_ip_address": "10.123.1.4",
            "private_ip_addresses": [
              "10.123.1.4"
            ],
            "provision_vm_agent": true,
            "proximity_placement_group_id": "",
            "public_ip_address": "20.4.55.95",
            "public_ip_addresses": [
              "20.4.55.95"
            ],
            "resource_group_name": "gzeru_rg",
            "secret": [],
            "secure_boot_enabled": false,
            "size": "Standard_F2",
            "source_image_id": "",
            "source_image_reference": [
              {
                "offer": "UbuntuServer",
                "publisher": "Canonical",
                "sku": "18.04-LTS",
                "version": "latest"
              }
            ],
            "tags": {
              "enviroment": "Dev"
            },
            "termination_notification": null,
            "timeouts": null,
            "user_data": "",
            "virtual_machine_id": "766c9bae-5800-4f23-a161-44fe607e2d24",
            "virtual_machine_scale_set_id": "",
            "vtpm_enabled": false,
            "zone": ""
          },
          "sensitive_attributes": [],
          "private": "eyJlMmJmYjczMC1lY2FhLTExZTYtOGY4OC0zNDM2M2JjN2M0YzAiOnsiY3JlYXRlIjoyNzAwMDAwMDAwMDAwLCJkZWxldGUiOjI3MDAwMDAwMDAwMDAsInJlYWQiOjMwMDAwMDAwMDAwMCwidXBkYXRlIjoyNzAwMDAwMDAwMDAwfX0=",
          "dependencies": [
            "azurerm_network_interface.gz-nic",
            "azurerm_public_ip.gz-ip",
            "azurerm_resource_group.gzeru_rg",
            "azurerm_subnet.gz-subnet",
            "azurerm_virtual_network.gz-vn"
          ]
        }
      ]
    },
    {
      "mode": "managed",
      "type": "azurerm_network_interface",
      "name": "gz-nic",
      "provider": "provider[\"registry.terraform.io/hashicorp/azurerm\"]",
      "instances": [
        {
          "schema_version": 0,
          "attributes": {
            "applied_dns_servers": [],
            "dns_servers": [],
            "edge_zone": "",
            "enable_accelerated_networking": false,
            "enable_ip_forwarding": false,
            "id": "/subscriptions/9470ff04-09b3-43e2-bbbb-c2464e97d36e/resourceGroups/gzeru_rg/providers/Microsoft.Network/networkInterfaces/gz-nic",
            "internal_dns_name_label": "",
            "internal_domain_name_suffix": "u2pot34u2usenfozjblw5wdo0c.ax.internal.cloudapp.net",
            "ip_configuration": [
              {
                "gateway_load_balancer_frontend_ip_configuration_id": "",
                "name": "internal",
                "primary": true,
                "private_ip_address": "10.123.1.4",
                "private_ip_address_allocation": "Dynamic",
                "private_ip_address_version": "IPv4",
                "public_ip_address_id": "/subscriptions/9470ff04-09b3-43e2-bbbb-c2464e97d36e/resourceGroups/gzeru_rg/providers/Microsoft.Network/publicIPAddresses/gz-pip",
                "subnet_id": "/subscriptions/9470ff04-09b3-43e2-bbbb-c2464e97d36e/resourceGroups/gzeru_rg/providers/Microsoft.Network/virtualNetworks/gz-network/subnets/gz-subnet"
              }
            ],
            "location": "westeurope",
            "mac_address": "",
            "name": "gz-nic",
            "private_ip_address": "10.123.1.4",
            "private_ip_addresses": [
              "10.123.1.4"
            ],
            "resource_group_name": "gzeru_rg",
            "tags": {
              "enviroment": "Dev"
            },
            "timeouts": null,
            "virtual_machine_id": ""
          },
          "sensitive_attributes": [],
          "private": "eyJlMmJmYjczMC1lY2FhLTExZTYtOGY4OC0zNDM2M2JjN2M0YzAiOnsiY3JlYXRlIjoxODAwMDAwMDAwMDAwLCJkZWxldGUiOjE4MDAwMDAwMDAwMDAsInJlYWQiOjMwMDAwMDAwMDAwMCwidXBkYXRlIjoxODAwMDAwMDAwMDAwfX0=",
          "dependencies": [
            "azurerm_public_ip.gz-ip",
            "azurerm_resource_group.gzeru_rg",
            "azurerm_subnet.gz-subnet",
            "azurerm_virtual_network.gz-vn"
          ]
        }
      ]
    },
    {
      "mode": "managed",
      "type": "azurerm_network_security_group",
      "name": "gz-sg",
      "provider": "provider[\"registry.terraform.io/hashicorp/azurerm\"]",
      "instances": [
        {
          "schema_version": 0,
          "attributes": {
            "id": "/subscriptions/9470ff04-09b3-43e2-bbbb-c2464e97d36e/resourceGroups/gzeru_rg/providers/Microsoft.Network/networkSecurityGroups/gz-sg",
            "location": "westeurope",
            "name": "gz-sg",
            "resource_group_name": "gzeru_rg",
            "security_rule": [],
            "tags": {
              "enviroment": "dev"
            },
            "timeouts": null
          },
          "sensitive_attributes": [],
          "private": "eyJlMmJmYjczMC1lY2FhLTExZTYtOGY4OC0zNDM2M2JjN2M0YzAiOnsiY3JlYXRlIjoxODAwMDAwMDAwMDAwLCJkZWxldGUiOjE4MDAwMDAwMDAwMDAsInJlYWQiOjMwMDAwMDAwMDAwMCwidXBkYXRlIjoxODAwMDAwMDAwMDAwfX0=",
          "dependencies": [
            "azurerm_resource_group.gzeru_rg"
          ]
        }
      ]
    },
    {
      "mode": "managed",
      "type": "azurerm_network_security_rule",
      "name": "gz-dev-rule",
      "provider": "provider[\"registry.terraform.io/hashicorp/azurerm\"]",
      "instances": [
        {
          "schema_version": 0,
          "attributes": {
            "access": "Allow",
            "description": "",
            "destination_address_prefix": "*",
            "destination_address_prefixes": null,
            "destination_application_security_group_ids": null,
            "destination_port_range": "*",
            "destination_port_ranges": null,
            "direction": "Inbound",
            "id": "/subscriptions/9470ff04-09b3-43e2-bbbb-c2464e97d36e/resourceGroups/gzeru_rg/providers/Microsoft.Network/networkSecurityGroups/gz-sg/securityRules/gz-dev-rule",
            "name": "gz-dev-rule",
            "network_security_group_name": "gz-sg",
            "priority": 100,
            "protocol": "Tcp",
            "resource_group_name": "gzeru_rg",
            "source_address_prefix": "*",
            "source_address_prefixes": null,
            "source_application_security_group_ids": null,
            "source_port_range": "*",
            "source_port_ranges": null,
            "timeouts": null
          },
          "sensitive_attributes": [],
          "private": "eyJlMmJmYjczMC1lY2FhLTExZTYtOGY4OC0zNDM2M2JjN2M0YzAiOnsiY3JlYXRlIjoxODAwMDAwMDAwMDAwLCJkZWxldGUiOjE4MDAwMDAwMDAwMDAsInJlYWQiOjMwMDAwMDAwMDAwMCwidXBkYXRlIjoxODAwMDAwMDAwMDAwfX0=",
          "dependencies": [
            "azurerm_network_security_group.gz-sg",
            "azurerm_resource_group.gzeru_rg"
          ]
        }
      ]
    },
    {
      "mode": "managed",
      "type": "azurerm_public_ip",
      "name": "gz-ip",
      "provider": "provider[\"registry.terraform.io/hashicorp/azurerm\"]",
      "instances": [
        {
          "schema_version": 0,
          "attributes": {
            "allocation_method": "Dynamic",
            "domain_name_label": null,
            "edge_zone": "",
            "fqdn": null,
            "id": "/subscriptions/9470ff04-09b3-43e2-bbbb-c2464e97d36e/resourceGroups/gzeru_rg/providers/Microsoft.Network/publicIPAddresses/gz-pip",
            "idle_timeout_in_minutes": 30,
            "ip_address": "",
            "ip_tags": null,
            "ip_version": "IPv4",
            "location": "westeurope",
            "name": "gz-pip",
            "public_ip_prefix_id": null,
            "resource_group_name": "gzeru_rg",
            "reverse_fqdn": null,
            "sku": "Basic",
            "sku_tier": "Regional",
            "tags": {
              "environment": "Dev"
            },
            "timeouts": null,
            "zones": null
          },
          "sensitive_attributes": [],
          "private": "eyJlMmJmYjczMC1lY2FhLTExZTYtOGY4OC0zNDM2M2JjN2M0YzAiOnsiY3JlYXRlIjoxODAwMDAwMDAwMDAwLCJkZWxldGUiOjE4MDAwMDAwMDAwMDAsInJlYWQiOjMwMDAwMDAwMDAwMCwidXBkYXRlIjoxODAwMDAwMDAwMDAwfX0=",
          "dependencies": [
            "azurerm_resource_group.gzeru_rg"
          ]
        }
      ]
    },
    {
      "mode": "managed",
      "type": "azurerm_resource_group",
      "name": "gzeru_rg",
      "provider": "provider[\"registry.terraform.io/hashicorp/azurerm\"]",
      "instances": [
        {
          "schema_version": 0,
          "attributes": {
            "id": "/subscriptions/9470ff04-09b3-43e2-bbbb-c2464e97d36e/resourceGroups/gzeru_rg",
            "location": "westeurope",
            "name": "gzeru_rg",
            "tags": {
              "enviroment": "dev"
            },
            "timeouts": null
          },
          "sensitive_attributes": [],
          "private": "eyJlMmJmYjczMC1lY2FhLTExZTYtOGY4OC0zNDM2M2JjN2M0YzAiOnsiY3JlYXRlIjo1NDAwMDAwMDAwMDAwLCJkZWxldGUiOjU0MDAwMDAwMDAwMDAsInJlYWQiOjMwMDAwMDAwMDAwMCwidXBkYXRlIjo1NDAwMDAwMDAwMDAwfX0="
        }
      ]
    },
    {
      "mode": "managed",
      "type": "azurerm_subnet",
      "name": "gz-subnet",
      "provider": "provider[\"registry.terraform.io/hashicorp/azurerm\"]",
      "instances": [
        {
          "schema_version": 0,
          "attributes": {
            "address_prefixes": [
              "10.123.1.0/24"
            ],
            "delegation": [],
            "enforce_private_link_endpoint_network_policies": false,
            "enforce_private_link_service_network_policies": false,
            "id": "/subscriptions/9470ff04-09b3-43e2-bbbb-c2464e97d36e/resourceGroups/gzeru_rg/providers/Microsoft.Network/virtualNetworks/gz-network/subnets/gz-subnet",
            "name": "gz-subnet",
            "resource_group_name": "gzeru_rg",
            "service_endpoint_policy_ids": null,
            "service_endpoints": null,
            "timeouts": null,
            "virtual_network_name": "gz-network"
          },
          "sensitive_attributes": [],
          "private": "eyJlMmJmYjczMC1lY2FhLTExZTYtOGY4OC0zNDM2M2JjN2M0YzAiOnsiY3JlYXRlIjoxODAwMDAwMDAwMDAwLCJkZWxldGUiOjE4MDAwMDAwMDAwMDAsInJlYWQiOjMwMDAwMDAwMDAwMCwidXBkYXRlIjoxODAwMDAwMDAwMDAwfX0=",
          "dependencies": [
            "azurerm_resource_group.gzeru_rg",
            "azurerm_virtual_network.gz-vn"
          ]
        }
      ]
    },
    {
      "mode": "managed",
      "type": "azurerm_subnet_network_security_group_association",
      "name": "gz-sga",
      "provider": "provider[\"registry.terraform.io/hashicorp/azurerm\"]",
      "instances": [
        {
          "schema_version": 0,
          "attributes": {
            "id": "/subscriptions/9470ff04-09b3-43e2-bbbb-c2464e97d36e/resourceGroups/gzeru_rg/providers/Microsoft.Network/virtualNetworks/gz-network/subnets/gz-subnet",
            "network_security_group_id": "/subscriptions/9470ff04-09b3-43e2-bbbb-c2464e97d36e/resourceGroups/gzeru_rg/providers/Microsoft.Network/networkSecurityGroups/gz-sg",
            "subnet_id": "/subscriptions/9470ff04-09b3-43e2-bbbb-c2464e97d36e/resourceGroups/gzeru_rg/providers/Microsoft.Network/virtualNetworks/gz-network/subnets/gz-subnet",
            "timeouts": null
          },
          "sensitive_attributes": [],
          "private": "eyJlMmJmYjczMC1lY2FhLTExZTYtOGY4OC0zNDM2M2JjN2M0YzAiOnsiY3JlYXRlIjoxODAwMDAwMDAwMDAwLCJkZWxldGUiOjE4MDAwMDAwMDAwMDAsInJlYWQiOjMwMDAwMDAwMDAwMCwidXBkYXRlIjoxODAwMDAwMDAwMDAwfX0=",
          "dependencies": [
            "azurerm_network_security_group.gz-sg",
            "azurerm_resource_group.gzeru_rg",
            "azurerm_subnet.gz-subnet",
            "azurerm_virtual_network.gz-vn"
          ]
        }
      ]
    },
    {
      "mode": "managed",
      "type": "azurerm_virtual_network",
      "name": "gz-vn",
      "provider": "provider[\"registry.terraform.io/hashicorp/azurerm\"]",
      "instances": [
        {
          "schema_version": 0,
          "attributes": {
            "address_space": [
              "10.123.0.0/16"
            ],
            "bgp_community": "",
            "ddos_protection_plan": [],
            "dns_servers": [],
            "edge_zone": "",
            "flow_timeout_in_minutes": 0,
            "guid": "f7e91ea7-e5d4-4624-95d9-48576fd86ed2",
            "id": "/subscriptions/9470ff04-09b3-43e2-bbbb-c2464e97d36e/resourceGroups/gzeru_rg/providers/Microsoft.Network/virtualNetworks/gz-network",
            "location": "westeurope",
            "name": "gz-network",
            "resource_group_name": "gzeru_rg",
            "subnet": [],
            "tags": {
              "enviroment": "dev"
            },
            "timeouts": null
          },
          "sensitive_attributes": [],
          "private": "eyJlMmJmYjczMC1lY2FhLTExZTYtOGY4OC0zNDM2M2JjN2M0YzAiOnsiY3JlYXRlIjoxODAwMDAwMDAwMDAwLCJkZWxldGUiOjE4MDAwMDAwMDAwMDAsInJlYWQiOjMwMDAwMDAwMDAwMCwidXBkYXRlIjoxODAwMDAwMDAwMDAwfX0=",
          "dependencies": [
            "azurerm_resource_group.gzeru_rg"
          ]
        }
      ]
    }
  ],
  "check_results": null
}
